
Microsoft Visual Studio Solution File, Format Version 12.00
# Visual Studio Version 17
VisualStudioVersion = 17.11.35312.102
MinimumVisualStudioVersion = 10.0.40219.1
Project("{FAE04EC0-301F-11D3-BF4B-00C04F79EFBC}") = "ASS3Assignment3", "ASS3Assignment3.csproj", "{C7697F03-ABE9-44B5-8D09-75955467B986}"
EndProject
Global
	GlobalSection(SolutionConfigurationPlatforms) = preSolution
		Debug|Any CPU = Debug|Any CPU
		Release|Any CPU = Release|Any CPU
	EndGlobalSection
	GlobalSection(ProjectConfigurationPlatforms) = postSolution
		{C7697F03-ABE9-44B5-8D09-75955467B986}.Debug|Any CPU.ActiveCfg = Debug|Any CPU
		{C7697F03-ABE9-44B5-8D09-75955467B986}.Debug|Any CPU.Build.0 = Debug|Any CPU
		{C7697F03-ABE9-44B5-8D09-75955467B986}.Release|Any CPU.ActiveCfg = Release|Any CPU
		{C7697F03-ABE9-44B5-8D09-75955467B986}.Release|Any CPU.Build.0 = Release|Any CPU
	EndGlobalSection
	GlobalSection(SolutionProperties) = preSolution
		HideSolutionNode = FALSE
	EndGlobalSection
	GlobalSection(ExtensibilityGlobals) = postSolution
		SolutionGuid = {D5DFF6D4-B5A2-4D27-A6AE-A41AB7E30136}
	EndGlobalSection
EndGlobal
